
Microsoft Visual Studio Solution File, Format Version 12.00
# Visual Studio Version 17
VisualStudioVersion = 17.2.32519.379
MinimumVisualStudioVersion = 10.0.40219.1
Project("{FAE04EC0-301F-11D3-BF4B-00C04F79EFBC}") = "NavigationView", "NavigationView\NavigationView.csproj", "{D34CE429-32EB-460B-B8AD-DD2C9EE9D2BE}"
EndProject
Project("{FAE04EC0-301F-11D3-BF4B-00C04F79EFBC}") = "BLL", "BLL\BLL.csproj", "{56A50DAB-3DDE-4AC3-830A-6A7EAE385555}"
EndProject
Project("{FAE04EC0-301F-11D3-BF4B-00C04F79EFBC}") = "DAL", "DAL\DAL.csproj", "{27B59917-0762-45CE-A7B5-43A4E701A198}"
EndProject
Global
	GlobalSection(SolutionConfigurationPlatforms) = preSolution
		Debug|Any CPU = Debug|Any CPU
		Release|Any CPU = Release|Any CPU
	EndGlobalSection
	GlobalSection(ProjectConfigurationPlatforms) = postSolution
		{D34CE429-32EB-460B-B8AD-DD2C9EE9D2BE}.Debug|Any CPU.ActiveCfg = Debug|Any CPU
		{D34CE429-32EB-460B-B8AD-DD2C9EE9D2BE}.Debug|Any CPU.Build.0 = Debug|Any CPU
		{D34CE429-32EB-460B-B8AD-DD2C9EE9D2BE}.Release|Any CPU.ActiveCfg = Release|Any CPU
		{D34CE429-32EB-460B-B8AD-DD2C9EE9D2BE}.Release|Any CPU.Build.0 = Release|Any CPU
		{56A50DAB-3DDE-4AC3-830A-6A7EAE385555}.Debug|Any CPU.ActiveCfg = Debug|Any CPU
		{56A50DAB-3DDE-4AC3-830A-6A7EAE385555}.Debug|Any CPU.Build.0 = Debug|Any CPU
		{56A50DAB-3DDE-4AC3-830A-6A7EAE385555}.Release|Any CPU.ActiveCfg = Release|Any CPU
		{56A50DAB-3DDE-4AC3-830A-6A7EAE385555}.Release|Any CPU.Build.0 = Release|Any CPU
		{27B59917-0762-45CE-A7B5-43A4E701A198}.Debug|Any CPU.ActiveCfg = Debug|Any CPU
		{27B59917-0762-45CE-A7B5-43A4E701A198}.Debug|Any CPU.Build.0 = Debug|Any CPU
		{27B59917-0762-45CE-A7B5-43A4E701A198}.Release|Any CPU.ActiveCfg = Release|Any CPU
		{27B59917-0762-45CE-A7B5-43A4E701A198}.Release|Any CPU.Build.0 = Release|Any CPU
	EndGlobalSection
	GlobalSection(SolutionProperties) = preSolution
		HideSolutionNode = FALSE
	EndGlobalSection
	GlobalSection(ExtensibilityGlobals) = postSolution
		SolutionGuid = {40562186-D311-41F2-B70D-705C4B8930A4}
	EndGlobalSection
EndGlobal
